
Microsoft Visual Studio Solution File, Format Version 12.00
# Visual Studio Version 17
VisualStudioVersion = 17.5.002.0
MinimumVisualStudioVersion = 10.0.40219.1
Project("{9A19103F-16F7-4668-BE54-9A1E7A4F7556}") = "auth", "auth.csproj", "{7CB3FA84-7DD6-4E1E-8AAF-4F97D1329BFE}"
EndProject
Global
	GlobalSection(SolutionConfigurationPlatforms) = preSolution
		Debug|Any CPU = Debug|Any CPU
		Release|Any CPU = Release|Any CPU
	EndGlobalSection
	GlobalSection(ProjectConfigurationPlatforms) = postSolution
		{7CB3FA84-7DD6-4E1E-8AAF-4F97D1329BFE}.Debug|Any CPU.ActiveCfg = Debug|Any CPU
		{7CB3FA84-7DD6-4E1E-8AAF-4F97D1329BFE}.Debug|Any CPU.Build.0 = Debug|Any CPU
		{7CB3FA84-7DD6-4E1E-8AAF-4F97D1329BFE}.Release|Any CPU.ActiveCfg = Release|Any CPU
		{7CB3FA84-7DD6-4E1E-8AAF-4F97D1329BFE}.Release|Any CPU.Build.0 = Release|Any CPU
	EndGlobalSection
	GlobalSection(SolutionProperties) = preSolution
		HideSolutionNode = FALSE
	EndGlobalSection
	GlobalSection(ExtensibilityGlobals) = postSolution
		SolutionGuid = {50B5D6DE-2538-4F3A-8821-0C5CA082402E}
	EndGlobalSection
EndGlobal
